
Microsoft Visual Studio Solution File, Format Version 12.00
# Visual Studio Version 17
VisualStudioVersion = 17.13.35931.197 d17.13
MinimumVisualStudioVersion = 10.0.40219.1
Project("{54A90642-561A-4BB1-A94E-469ADEE60C69}") = "mark.client", "mark.client\mark.client.esproj", "{38518CEE-872B-D9F2-C039-C989D5BED871}"
EndProject
Project("{FAE04EC0-301F-11D3-BF4B-00C04F79EFBC}") = "Mark.Server", "Mark.Server\Mark.Server.csproj", "{7477C2E4-32A3-4A79-85FF-6DB0E3E33F32}"
EndProject
Project("{2150E333-8FDC-42A3-9474-1A3956D46DE8}") = "data", "data", "{02EA681E-C7D8-13C7-8484-4AC65E1B71E8}"
EndProject
Project("{2150E333-8FDC-42A3-9474-1A3956D46DE8}") = "assets", "assets", "{B2EE2D36-C4C5-4CDE-B757-6302EFEE7C2B}"
EndProject
Project("{2150E333-8FDC-42A3-9474-1A3956D46DE8}") = "previews", "previews", "{C5B77550-8486-4683-947B-40C420BD830C}"
EndProject
Project("{2150E333-8FDC-42A3-9474-1A3956D46DE8}") = "renders", "renders", "{5633DDD5-C8DF-4C0A-A026-300ED10E19F7}"
EndProject
Project("{2150E333-8FDC-42A3-9474-1A3956D46DE8}") = "bundles", "bundles", "{58A5C3DB-D5B1-42C0-A8F1-9436D65DFA6E}"
EndProject
Project("{2150E333-8FDC-42A3-9474-1A3956D46DE8}") = "server", "server", "{19CB9334-7E10-4EBE-9FA2-B73C99E67B4A}"
EndProject
Project("{2150E333-8FDC-42A3-9474-1A3956D46DE8}") = "web", "web", "{8DE62CAB-3D43-4E11-90CC-D6F38CC15BC7}"
EndProject
Project("{FAE04EC0-301F-11D3-BF4B-00C04F79EFBC}") = "AssetsModule", "Modules\Assets\AssetsModule.csproj", "{5C1DF9E3-EB3F-B1FA-084A-118B492A90D7}"
EndProject
Project("{FAE04EC0-301F-11D3-BF4B-00C04F79EFBC}") = "AuditModule", "Modules\Audit\AuditModule.csproj", "{9D01A0B4-6302-598D-CB33-1CB7A7F73B15}"
EndProject
Project("{FAE04EC0-301F-11D3-BF4B-00C04F79EFBC}") = "JobsModule", "Modules\Jobs\JobsModule.csproj", "{1765A939-1BCC-7C73-ABE8-6DDA7C8CD960}"
EndProject
Project("{FAE04EC0-301F-11D3-BF4B-00C04F79EFBC}") = "PrintingModule", "Modules\Printing\PrintingModule.csproj", "{2A8300B1-DC5D-F7D8-828B-D3B1E3B38CA5}"
EndProject
Project("{FAE04EC0-301F-11D3-BF4B-00C04F79EFBC}") = "RenderModule", "Modules\Render\RenderModule.csproj", "{50DCC689-FE30-B42E-6C49-959001874EE7}"
EndProject
Project("{FAE04EC0-301F-11D3-BF4B-00C04F79EFBC}") = "SecurityModule", "Modules\Security\SecurityModule.csproj", "{397DA39F-B4C2-972D-51E8-30CEFE140B64}"
EndProject
Project("{FAE04EC0-301F-11D3-BF4B-00C04F79EFBC}") = "SharedModule", "Modules\Shared\SharedModule.csproj", "{86E15F7E-AD93-7F9A-5FB1-BAAC7BC06D25}"
EndProject
Project("{FAE04EC0-301F-11D3-BF4B-00C04F79EFBC}") = "DesignModule", "Modules\Templates\DesignModule.csproj", "{D9709D23-B5CE-A06D-208A-B58C005E8226}"
EndProject
Project("{FAE04EC0-301F-11D3-BF4B-00C04F79EFBC}") = "ValidationModule", "Modules\Validation\ValidationModule.csproj", "{2263E2AC-CC8A-5715-043B-FC64542C2600}"
EndProject
Project("{2150E333-8FDC-42A3-9474-1A3956D46DE8}") = "Modules", "Modules", "{357A8536-D6B8-4385-B0FC-2502F376B58C}"
EndProject
Project("{FAE04EC0-301F-11D3-BF4B-00C04F79EFBC}") = "Persistence", "Persistence\Persistence.csproj", "{727CFD8C-23B7-C991-64E7-E71059A345FA}"
EndProject
Global
	GlobalSection(SolutionConfigurationPlatforms) = preSolution
		Debug|Any CPU = Debug|Any CPU
		Release|Any CPU = Release|Any CPU
	EndGlobalSection
	GlobalSection(ProjectConfigurationPlatforms) = postSolution
		{38518CEE-872B-D9F2-C039-C989D5BED871}.Debug|Any CPU.ActiveCfg = Debug|Any CPU
		{38518CEE-872B-D9F2-C039-C989D5BED871}.Debug|Any CPU.Build.0 = Debug|Any CPU
		{38518CEE-872B-D9F2-C039-C989D5BED871}.Debug|Any CPU.Deploy.0 = Debug|Any CPU
		{38518CEE-872B-D9F2-C039-C989D5BED871}.Release|Any CPU.ActiveCfg = Release|Any CPU
		{38518CEE-872B-D9F2-C039-C989D5BED871}.Release|Any CPU.Build.0 = Release|Any CPU
		{38518CEE-872B-D9F2-C039-C989D5BED871}.Release|Any CPU.Deploy.0 = Release|Any CPU
		{7477C2E4-32A3-4A79-85FF-6DB0E3E33F32}.Debug|Any CPU.ActiveCfg = Debug|Any CPU
		{7477C2E4-32A3-4A79-85FF-6DB0E3E33F32}.Debug|Any CPU.Build.0 = Debug|Any CPU
		{7477C2E4-32A3-4A79-85FF-6DB0E3E33F32}.Release|Any CPU.ActiveCfg = Release|Any CPU
		{7477C2E4-32A3-4A79-85FF-6DB0E3E33F32}.Release|Any CPU.Build.0 = Release|Any CPU
		{5C1DF9E3-EB3F-B1FA-084A-118B492A90D7}.Debug|Any CPU.ActiveCfg = Debug|Any CPU
		{5C1DF9E3-EB3F-B1FA-084A-118B492A90D7}.Debug|Any CPU.Build.0 = Debug|Any CPU
		{5C1DF9E3-EB3F-B1FA-084A-118B492A90D7}.Release|Any CPU.ActiveCfg = Release|Any CPU
		{5C1DF9E3-EB3F-B1FA-084A-118B492A90D7}.Release|Any CPU.Build.0 = Release|Any CPU
		{9D01A0B4-6302-598D-CB33-1CB7A7F73B15}.Debug|Any CPU.ActiveCfg = Debug|Any CPU
		{9D01A0B4-6302-598D-CB33-1CB7A7F73B15}.Debug|Any CPU.Build.0 = Debug|Any CPU
		{9D01A0B4-6302-598D-CB33-1CB7A7F73B15}.Release|Any CPU.ActiveCfg = Release|Any CPU
		{9D01A0B4-6302-598D-CB33-1CB7A7F73B15}.Release|Any CPU.Build.0 = Release|Any CPU
		{1765A939-1BCC-7C73-ABE8-6DDA7C8CD960}.Debug|Any CPU.ActiveCfg = Debug|Any CPU
		{1765A939-1BCC-7C73-ABE8-6DDA7C8CD960}.Debug|Any CPU.Build.0 = Debug|Any CPU
		{1765A939-1BCC-7C73-ABE8-6DDA7C8CD960}.Release|Any CPU.ActiveCfg = Release|Any CPU
		{1765A939-1BCC-7C73-ABE8-6DDA7C8CD960}.Release|Any CPU.Build.0 = Release|Any CPU
		{2A8300B1-DC5D-F7D8-828B-D3B1E3B38CA5}.Debug|Any CPU.ActiveCfg = Debug|Any CPU
		{2A8300B1-DC5D-F7D8-828B-D3B1E3B38CA5}.Debug|Any CPU.Build.0 = Debug|Any CPU
		{2A8300B1-DC5D-F7D8-828B-D3B1E3B38CA5}.Release|Any CPU.ActiveCfg = Release|Any CPU
		{2A8300B1-DC5D-F7D8-828B-D3B1E3B38CA5}.Release|Any CPU.Build.0 = Release|Any CPU
		{50DCC689-FE30-B42E-6C49-959001874EE7}.Debug|Any CPU.ActiveCfg = Debug|Any CPU
		{50DCC689-FE30-B42E-6C49-959001874EE7}.Debug|Any CPU.Build.0 = Debug|Any CPU
		{50DCC689-FE30-B42E-6C49-959001874EE7}.Release|Any CPU.ActiveCfg = Release|Any CPU
		{50DCC689-FE30-B42E-6C49-959001874EE7}.Release|Any CPU.Build.0 = Release|Any CPU
		{397DA39F-B4C2-972D-51E8-30CEFE140B64}.Debug|Any CPU.ActiveCfg = Debug|Any CPU
		{397DA39F-B4C2-972D-51E8-30CEFE140B64}.Debug|Any CPU.Build.0 = Debug|Any CPU
		{397DA39F-B4C2-972D-51E8-30CEFE140B64}.Release|Any CPU.ActiveCfg = Release|Any CPU
		{397DA39F-B4C2-972D-51E8-30CEFE140B64}.Release|Any CPU.Build.0 = Release|Any CPU
		{86E15F7E-AD93-7F9A-5FB1-BAAC7BC06D25}.Debug|Any CPU.ActiveCfg = Debug|Any CPU
		{86E15F7E-AD93-7F9A-5FB1-BAAC7BC06D25}.Debug|Any CPU.Build.0 = Debug|Any CPU
		{86E15F7E-AD93-7F9A-5FB1-BAAC7BC06D25}.Release|Any CPU.ActiveCfg = Release|Any CPU
		{86E15F7E-AD93-7F9A-5FB1-BAAC7BC06D25}.Release|Any CPU.Build.0 = Release|Any CPU
		{D9709D23-B5CE-A06D-208A-B58C005E8226}.Debug|Any CPU.ActiveCfg = Debug|Any CPU
		{D9709D23-B5CE-A06D-208A-B58C005E8226}.Debug|Any CPU.Build.0 = Debug|Any CPU
		{D9709D23-B5CE-A06D-208A-B58C005E8226}.Release|Any CPU.ActiveCfg = Release|Any CPU
		{D9709D23-B5CE-A06D-208A-B58C005E8226}.Release|Any CPU.Build.0 = Release|Any CPU
		{2263E2AC-CC8A-5715-043B-FC64542C2600}.Debug|Any CPU.ActiveCfg = Debug|Any CPU
		{2263E2AC-CC8A-5715-043B-FC64542C2600}.Debug|Any CPU.Build.0 = Debug|Any CPU
		{2263E2AC-CC8A-5715-043B-FC64542C2600}.Release|Any CPU.ActiveCfg = Release|Any CPU
		{2263E2AC-CC8A-5715-043B-FC64542C2600}.Release|Any CPU.Build.0 = Release|Any CPU
		{727CFD8C-23B7-C991-64E7-E71059A345FA}.Debug|Any CPU.ActiveCfg = Debug|Any CPU
		{727CFD8C-23B7-C991-64E7-E71059A345FA}.Debug|Any CPU.Build.0 = Debug|Any CPU
		{727CFD8C-23B7-C991-64E7-E71059A345FA}.Release|Any CPU.ActiveCfg = Release|Any CPU
		{727CFD8C-23B7-C991-64E7-E71059A345FA}.Release|Any CPU.Build.0 = Release|Any CPU
	EndGlobalSection
	GlobalSection(SolutionProperties) = preSolution
		HideSolutionNode = FALSE
	EndGlobalSection
	GlobalSection(NestedProjects) = preSolution
		{38518CEE-872B-D9F2-C039-C989D5BED871} = {8DE62CAB-3D43-4E11-90CC-D6F38CC15BC7}
		{7477C2E4-32A3-4A79-85FF-6DB0E3E33F32} = {19CB9334-7E10-4EBE-9FA2-B73C99E67B4A}
		{B2EE2D36-C4C5-4CDE-B757-6302EFEE7C2B} = {02EA681E-C7D8-13C7-8484-4AC65E1B71E8}
		{C5B77550-8486-4683-947B-40C420BD830C} = {02EA681E-C7D8-13C7-8484-4AC65E1B71E8}
		{5633DDD5-C8DF-4C0A-A026-300ED10E19F7} = {02EA681E-C7D8-13C7-8484-4AC65E1B71E8}
		{58A5C3DB-D5B1-42C0-A8F1-9436D65DFA6E} = {02EA681E-C7D8-13C7-8484-4AC65E1B71E8}
		{5C1DF9E3-EB3F-B1FA-084A-118B492A90D7} = {357A8536-D6B8-4385-B0FC-2502F376B58C}
		{9D01A0B4-6302-598D-CB33-1CB7A7F73B15} = {357A8536-D6B8-4385-B0FC-2502F376B58C}
		{1765A939-1BCC-7C73-ABE8-6DDA7C8CD960} = {357A8536-D6B8-4385-B0FC-2502F376B58C}
		{2A8300B1-DC5D-F7D8-828B-D3B1E3B38CA5} = {357A8536-D6B8-4385-B0FC-2502F376B58C}
		{50DCC689-FE30-B42E-6C49-959001874EE7} = {357A8536-D6B8-4385-B0FC-2502F376B58C}
		{397DA39F-B4C2-972D-51E8-30CEFE140B64} = {357A8536-D6B8-4385-B0FC-2502F376B58C}
		{86E15F7E-AD93-7F9A-5FB1-BAAC7BC06D25} = {357A8536-D6B8-4385-B0FC-2502F376B58C}
		{D9709D23-B5CE-A06D-208A-B58C005E8226} = {357A8536-D6B8-4385-B0FC-2502F376B58C}
		{2263E2AC-CC8A-5715-043B-FC64542C2600} = {357A8536-D6B8-4385-B0FC-2502F376B58C}
		{357A8536-D6B8-4385-B0FC-2502F376B58C} = {19CB9334-7E10-4EBE-9FA2-B73C99E67B4A}
	EndGlobalSection
	GlobalSection(ExtensibilityGlobals) = postSolution
		SolutionGuid = {0066A35A-B4BF-471C-87B7-51BF6B862CBB}
	EndGlobalSection
EndGlobal
